
Microsoft Visual Studio Solution File, Format Version 12.00
# Visual Studio Version 17
VisualStudioVersion = 17.1.32319.34
MinimumVisualStudioVersion = 10.0.40219.1
Project("{FAE04EC0-301F-11D3-BF4B-00C04F79EFBC}") = "hello_gui", "hello_gui\hello_gui.csproj", "{4E42F563-4EDD-4879-8B26-1683073DB40E}"
EndProject
Global
	GlobalSection(SolutionConfigurationPlatforms) = preSolution
		Debug|Any CPU = Debug|Any CPU
		Release|Any CPU = Release|Any CPU
	EndGlobalSection
	GlobalSection(ProjectConfigurationPlatforms) = postSolution
		{4E42F563-4EDD-4879-8B26-1683073DB40E}.Debug|Any CPU.ActiveCfg = Debug|Any CPU
		{4E42F563-4EDD-4879-8B26-1683073DB40E}.Debug|Any CPU.Build.0 = Debug|Any CPU
		{4E42F563-4EDD-4879-8B26-1683073DB40E}.Release|Any CPU.ActiveCfg = Release|Any CPU
		{4E42F563-4EDD-4879-8B26-1683073DB40E}.Release|Any CPU.Build.0 = Release|Any CPU
	EndGlobalSection
	GlobalSection(SolutionProperties) = preSolution
		HideSolutionNode = FALSE
	EndGlobalSection
	GlobalSection(ExtensibilityGlobals) = postSolution
		SolutionGuid = {696601ED-D584-4744-A3B5-34D2C8907952}
	EndGlobalSection
EndGlobal
